// !$*UTF8*$!
{
	archiveVersion = 1;
	classes = {
	};
	objectVersion = 50;
	objects = {

/* Begin PBXBuildFile section */
		173DBA5824E06F320091A2AB /* MemoriesViewModel.swift in Sources */ = {isa = PBXBuildFile; fileRef = 173DBA5724E06F320091A2AB /* MemoriesViewModel.swift */; };
		173DBA5A24E06FDA0091A2AB /* PermissionChecker.swift in Sources */ = {isa = PBXBuildFile; fileRef = 173DBA5924E06FDA0091A2AB /* PermissionChecker.swift */; };
		173DBA5C24E076EC0091A2AB /* ImagePicker.swift in Sources */ = {isa = PBXBuildFile; fileRef = 173DBA5B24E076EC0091A2AB /* ImagePicker.swift */; };
		173DBA5E24E090950091A2AB /* Memory.swift in Sources */ = {isa = PBXBuildFile; fileRef = 173DBA5D24E090950091A2AB /* Memory.swift */; };
		17EE54D224DEA4D0008566B1 /* HappyDaysApp.swift in Sources */ = {isa = PBXBuildFile; fileRef = 17EE54D124DEA4D0008566B1 /* HappyDaysApp.swift */; };
		17EE54D424DEA4D0008566B1 /* ContentView.swift in Sources */ = {isa = PBXBuildFile; fileRef = 17EE54D324DEA4D0008566B1 /* ContentView.swift */; };
		17EE54D624DEA4D3008566B1 /* Assets.xcassets in Resources */ = {isa = PBXBuildFile; fileRef = 17EE54D524DEA4D3008566B1 /* Assets.xcassets */; };
		17EE54D924DEA4D3008566B1 /* Preview Assets.xcassets in Resources */ = {isa = PBXBuildFile; fileRef = 17EE54D824DEA4D3008566B1 /* Preview Assets.xcassets */; };
		17EE54E124DEACA4008566B1 /* WelcomeView.swift in Sources */ = {isa = PBXBuildFile; fileRef = 17EE54E024DEACA4008566B1 /* WelcomeView.swift */; };
		17EE54E324DEB266008566B1 /* SearchField.swift in Sources */ = {isa = PBXBuildFile; fileRef = 17EE54E224DEB266008566B1 /* SearchField.swift */; };
		17EE54E524DEB29A008566B1 /* Extensions.swift in Sources */ = {isa = PBXBuildFile; fileRef = 17EE54E424DEB29A008566B1 /* Extensions.swift */; };
		17EE54E724DED917008566B1 /* MemoriesView.swift in Sources */ = {isa = PBXBuildFile; fileRef = 17EE54E624DED917008566B1 /* MemoriesView.swift */; };
/* End PBXBuildFile section */

/* Begin PBXFileReference section */
		173DBA5724E06F320091A2AB /* MemoriesViewModel.swift */ = {isa = PBXFileReference; lastKnownFileType = sourcecode.swift; path = MemoriesViewModel.swift; sourceTree = "<group>"; };
		173DBA5924E06FDA0091A2AB /* PermissionChecker.swift */ = {isa = PBXFileReference; lastKnownFileType = sourcecode.swift; path = PermissionChecker.swift; sourceTree = "<group>"; };
		173DBA5B24E076EC0091A2AB /* ImagePicker.swift */ = {isa = PBXFileReference; fileEncoding = 4; lastKnownFileType = sourcecode.swift; path = ImagePicker.swift; sourceTree = "<group>"; };
		173DBA5D24E090950091A2AB /* Memory.swift */ = {isa = PBXFileReference; lastKnownFileType = sourcecode.swift; path = Memory.swift; sourceTree = "<group>"; };
		1766586E24E09EE500B51C9D /* README.md */ = {isa = PBXFileReference; lastKnownFileType = net.daringfireball.markdown; path = README.md; sourceTree = "<group>"; };
		17EE54CE24DEA4D0008566B1 /* HappyDays.app */ = {isa = PBXFileReference; explicitFileType = wrapper.application; includeInIndex = 0; path = HappyDays.app; sourceTree = BUILT_PRODUCTS_DIR; };
		17EE54D124DEA4D0008566B1 /* HappyDaysApp.swift */ = {isa = PBXFileReference; lastKnownFileType = sourcecode.swift; path = HappyDaysApp.swift; sourceTree = "<group>"; };
		17EE54D324DEA4D0008566B1 /* ContentView.swift */ = {isa = PBXFileReference; lastKnownFileType = sourcecode.swift; path = ContentView.swift; sourceTree = "<group>"; };
		17EE54D524DEA4D3008566B1 /* Assets.xcassets */ = {isa = PBXFileReference; lastKnownFileType = folder.assetcatalog; path = Assets.xcassets; sourceTree = "<group>"; };
		17EE54D824DEA4D3008566B1 /* Preview Assets.xcassets */ = {isa = PBXFileReference; lastKnownFileType = folder.assetcatalog; path = "Preview Assets.xcassets"; sourceTree = "<group>"; };
		17EE54DA24DEA4D3008566B1 /* Info.plist */ = {isa = PBXFileReference; lastKnownFileType = text.plist.xml; path = Info.plist; sourceTree = "<group>"; };
		17EE54E024DEACA4008566B1 /* WelcomeView.swift */ = {isa = PBXFileReference; lastKnownFileType = sourcecode.swift; path = WelcomeView.swift; sourceTree = "<group>"; };
		17EE54E224DEB266008566B1 /* SearchField.swift */ = {isa = PBXFileReference; fileEncoding = 4; lastKnownFileType = sourcecode.swift; path = SearchField.swift; sourceTree = "<group>"; };
		17EE54E424DEB29A008566B1 /* Extensions.swift */ = {isa = PBXFileReference; lastKnownFileType = sourcecode.swift; path = Extensions.swift; sourceTree = "<group>"; };
		17EE54E624DED917008566B1 /* MemoriesView.swift */ = {isa = PBXFileReference; lastKnownFileType = sourcecode.swift; path = MemoriesView.swift; sourceTree = "<group>"; };
/* End PBXFileReference section */

/* Begin PBXFrameworksBuildPhase section */
		17EE54CB24DEA4D0008566B1 /* Frameworks */ = {
			isa = PBXFrameworksBuildPhase;
			buildActionMask = 2147483647;
			files = (
			);
			runOnlyForDeploymentPostprocessing = 0;
		};
/* End PBXFrameworksBuildPhase section */

/* Begin PBXGroup section */
		17EE54C524DEA4D0008566B1 = {
			isa = PBXGroup;
			children = (
				1766586E24E09EE500B51C9D /* README.md */,
				17EE54D024DEA4D0008566B1 /* HappyDays */,
				17EE54CF24DEA4D0008566B1 /* Products */,
			);
			sourceTree = "<group>";
		};
		17EE54CF24DEA4D0008566B1 /* Products */ = {
			isa = PBXGroup;
			children = (
				17EE54CE24DEA4D0008566B1 /* HappyDays.app */,
			);
			name = Products;
			sourceTree = "<group>";
		};
		17EE54D024DEA4D0008566B1 /* HappyDays */ = {
			isa = PBXGroup;
			children = (
				17EE54D124DEA4D0008566B1 /* HappyDaysApp.swift */,
				17EE54D324DEA4D0008566B1 /* ContentView.swift */,
				173DBA5924E06FDA0091A2AB /* PermissionChecker.swift */,
				17EE54E024DEACA4008566B1 /* WelcomeView.swift */,
				173DBA5D24E090950091A2AB /* Memory.swift */,
				173DBA5724E06F320091A2AB /* MemoriesViewModel.swift */,
				17EE54E624DED917008566B1 /* MemoriesView.swift */,
				17EE54E224DEB266008566B1 /* SearchField.swift */,
				173DBA5B24E076EC0091A2AB /* ImagePicker.swift */,
				17EE54E424DEB29A008566B1 /* Extensions.swift */,
				17EE54D524DEA4D3008566B1 /* Assets.xcassets */,
				17EE54DA24DEA4D3008566B1 /* Info.plist */,
				17EE54D724DEA4D3008566B1 /* Preview Content */,
			);
			path = HappyDays;
			sourceTree = "<group>";
		};
		17EE54D724DEA4D3008566B1 /* Preview Content */ = {
			isa = PBXGroup;
			children = (
				17EE54D824DEA4D3008566B1 /* Preview Assets.xcassets */,
			);
			path = "Preview Content";
			sourceTree = "<group>";
		};
/* End PBXGroup section */

/* Begin PBXNativeTarget section */
		17EE54CD24DEA4D0008566B1 /* HappyDays */ = {
			isa = PBXNativeTarget;
			buildConfigurationList = 17EE54DD24DEA4D3008566B1 /* Build configuration list for PBXNativeTarget "HappyDays" */;
			buildPhases = (
				17EE54CA24DEA4D0008566B1 /* Sources */,
				17EE54CB24DEA4D0008566B1 /* Frameworks */,
				17EE54CC24DEA4D0008566B1 /* Resources */,
			);
			buildRules = (
			);
			dependencies = (
			);
			name = HappyDays;
			productName = HappyDays;
			productReference = 17EE54CE24DEA4D0008566B1 /* HappyDays.app */;
			productType = "com.apple.product-type.application";
		};
/* End PBXNativeTarget section */

/* Begin PBXProject section */
		17EE54C624DEA4D0008566B1 /* Project object */ = {
			isa = PBXProject;
			attributes = {
				LastSwiftUpdateCheck = 1200;
				LastUpgradeCheck = 1200;
				TargetAttributes = {
					17EE54CD24DEA4D0008566B1 = {
						CreatedOnToolsVersion = 12.0;
					};
				};
			};
			buildConfigurationList = 17EE54C924DEA4D0008566B1 /* Build configuration list for PBXProject "HappyDays" */;
			compatibilityVersion = "Xcode 9.3";
			developmentRegion = en;
			hasScannedForEncodings = 0;
			knownRegions = (
				en,
				Base,
			);
			mainGroup = 17EE54C524DEA4D0008566B1;
			productRefGroup = 17EE54CF24DEA4D0008566B1 /* Products */;
			projectDirPath = "";
			projectRoot = "";
			targets = (
				17EE54CD24DEA4D0008566B1 /* HappyDays */,
			);
		};
/* End PBXProject section */

/* Begin PBXResourcesBuildPhase section */
		17EE54CC24DEA4D0008566B1 /* Resources */ = {
			isa = PBXResourcesBuildPhase;
			buildActionMask = 2147483647;
			files = (
				17EE54D924DEA4D3008566B1 /* Preview Assets.xcassets in Resources */,
				17EE54D624DEA4D3008566B1 /* Assets.xcassets in Resources */,
			);
			runOnlyForDeploymentPostprocessing = 0;
		};
/* End PBXResourcesBuildPhase section */

/* Begin PBXSourcesBuildPhase section */
		17EE54CA24DEA4D0008566B1 /* Sources */ = {
			isa = PBXSourcesBuildPhase;
			buildActionMask = 2147483647;
			files = (
				173DBA5A24E06FDA0091A2AB /* PermissionChecker.swift in Sources */,
				17EE54E524DEB29A008566B1 /* Extensions.swift in Sources */,
				17EE54D424DEA4D0008566B1 /* ContentView.swift in Sources */,
				173DBA5C24E076EC0091A2AB /* ImagePicker.swift in Sources */,
				17EE54E124DEACA4008566B1 /* WelcomeView.swift in Sources */,
				17EE54E324DEB266008566B1 /* SearchField.swift in Sources */,
				173DBA5824E06F320091A2AB /* MemoriesViewModel.swift in Sources */,
				17EE54D224DEA4D0008566B1 /* HappyDaysApp.swift in Sources */,
				173DBA5E24E090950091A2AB /* Memory.swift in Sources */,
				17EE54E724DED917008566B1 /* MemoriesView.swift in Sources */,
			);
			runOnlyForDeploymentPostprocessing = 0;
		};
/* End PBXSourcesBuildPhase section */

/* Begin XCBuildConfiguration section */
		17EE54DB24DEA4D3008566B1 /* Debug */ = {
			isa = XCBuildConfiguration;
			buildSettings = {
				ALWAYS_SEARCH_USER_PATHS = NO;
				CLANG_ANALYZER_NONNULL = YES;
				CLANG_ANALYZER_NUMBER_OBJECT_CONVERSION = YES_AGGRESSIVE;
				CLANG_CXX_LANGUAGE_STANDARD = "gnu++14";
				CLANG_CXX_LIBRARY = "libc++";
				CLANG_ENABLE_MODULES = YES;
				CLANG_ENABLE_OBJC_ARC = YES;
				CLANG_ENABLE_OBJC_WEAK = YES;
				CLANG_WARN_BLOCK_CAPTURE_AUTORELEASING = YES;
				CLANG_WARN_BOOL_CONVERSION = YES;
				CLANG_WARN_COMMA = YES;
				CLANG_WARN_CONSTANT_CONVERSION = YES;
				CLANG_WARN_DEPRECATED_OBJC_IMPLEMENTATIONS = YES;
				CLANG_WARN_DIRECT_OBJC_ISA_USAGE = YES_ERROR;
				CLANG_WARN_DOCUMENTATION_COMMENTS = YES;
				CLANG_WARN_EMPTY_BODY = YES;
				CLANG_WARN_ENUM_CONVERSION = YES;
				CLANG_WARN_INFINITE_RECURSION = YES;
				CLANG_WARN_INT_CONVERSION = YES;
				CLANG_WARN_NON_LITERAL_NULL_CONVERSION = YES;
				CLANG_WARN_OBJC_IMPLICIT_RETAIN_SELF = YES;
				CLANG_WARN_OBJC_LITERAL_CONVERSION = YES;
				CLANG_WARN_OBJC_ROOT_CLASS = YES_ERROR;
				CLANG_WARN_QUOTED_INCLUDE_IN_FRAMEWORK_HEADER = YES;
				CLANG_WARN_RANGE_LOOP_ANALYSIS = YES;
				CLANG_WARN_STRICT_PROTOTYPES = YES;
				CLANG_WARN_SUSPICIOUS_MOVE = YES;
				CLANG_WARN_UNGUARDED_AVAILABILITY = YES_AGGRESSIVE;
				CLANG_WARN_UNREACHABLE_CODE = YES;
				CLANG_WARN__DUPLICATE_METHOD_MATCH = YES;
				COPY_PHASE_STRIP = NO;
				DEBUG_INFORMATION_FORMAT = dwarf;
				ENABLE_STRICT_OBJC_MSGSEND = YES;
				ENABLE_TESTABILITY = YES;
				GCC_C_LANGUAGE_STANDARD = gnu11;
				GCC_DYNAMIC_NO_PIC = NO;
				GCC_NO_COMMON_BLOCKS = YES;
				GCC_OPTIMIZATION_LEVEL = 0;
				GCC_PREPROCESSOR_DEFINITIONS = (
					"DEBUG=1",
					"$(inherited)",
				);
				GCC_WARN_64_TO_32_BIT_CONVERSION = YES;
				GCC_WARN_ABOUT_RETURN_TYPE = YES_ERROR;
				GCC_WARN_UNDECLARED_SELECTOR = YES;
				GCC_WARN_UNINITIALIZED_AUTOS = YES_AGGRESSIVE;
				GCC_WARN_UNUSED_FUNCTION = YES;
				GCC_WARN_UNUSED_VARIABLE = YES;
				IPHONEOS_DEPLOYMENT_TARGET = 14.0;
				MTL_ENABLE_DEBUG_INFO = INCLUDE_SOURCE;
				MTL_FAST_MATH = YES;
				ONLY_ACTIVE_ARCH = YES;
				SDKROOT = iphoneos;
				SWIFT_ACTIVE_COMPILATION_CONDITIONS = DEBUG;
				SWIFT_OPTIMIZATION_LEVEL = "-Onone";
			};
			name = Debug;
		};
		17EE54DC24DEA4D3008566B1 /* Release */ = {
			isa = XCBuildConfiguration;
			buildSettings = {
				ALWAYS_SEARCH_USER_PATHS = NO;
				CLANG_ANALYZER_NONNULL = YES;
				CLANG_ANALYZER_NUMBER_OBJECT_CONVERSION = YES_AGGRESSIVE;
				CLANG_CXX_LANGUAGE_STANDARD = "gnu++14";
				CLANG_CXX_LIBRARY = "libc++";
				CLANG_ENABLE_MODULES = YES;
				CLANG_ENABLE_OBJC_ARC = YES;
				CLANG_ENABLE_OBJC_WEAK = YES;
				CLANG_WARN_BLOCK_CAPTURE_AUTORELEASING = YES;
				CLANG_WARN_BOOL_CONVERSION = YES;
				CLANG_WARN_COMMA = YES;
				CLANG_WARN_CONSTANT_CONVERSION = YES;
				CLANG_WARN_DEPRECATED_OBJC_IMPLEMENTATIONS = YES;
				CLANG_WARN_DIRECT_OBJC_ISA_USAGE = YES_ERROR;
				CLANG_WARN_DOCUMENTATION_COMMENTS = YES;
				CLANG_WARN_EMPTY_BODY = YES;
				CLANG_WARN_ENUM_CONVERSION = YES;
				CLANG_WARN_INFINITE_RECURSION = YES;
				CLANG_WARN_INT_CONVERSION = YES;
				CLANG_WARN_NON_LITERAL_NULL_CONVERSION = YES;
				CLANG_WARN_OBJC_IMPLICIT_RETAIN_SELF = YES;
				CLANG_WARN_OBJC_LITERAL_CONVERSION = YES;
				CLANG_WARN_OBJC_ROOT_CLASS = YES_ERROR;
				CLANG_WARN_QUOTED_INCLUDE_IN_FRAMEWORK_HEADER = YES;
				CLANG_WARN_RANGE_LOOP_ANALYSIS = YES;
				CLANG_WARN_STRICT_PROTOTYPES = YES;
				CLANG_WARN_SUSPICIOUS_MOVE = YES;
				CLANG_WARN_UNGUARDED_AVAILABILITY = YES_AGGRESSIVE;
				CLANG_WARN_UNREACHABLE_CODE = YES;
				CLANG_WARN__DUPLICATE_METHOD_MATCH = YES;
				COPY_PHASE_STRIP = NO;
				DEBUG_INFORMATION_FORMAT = "dwarf-with-dsym";
				ENABLE_NS_ASSERTIONS = NO;
				ENABLE_STRICT_OBJC_MSGSEND = YES;
				GCC_C_LANGUAGE_STANDARD = gnu11;
				GCC_NO_COMMON_BLOCKS = YES;
				GCC_WARN_64_TO_32_BIT_CONVERSION = YES;
				GCC_WARN_ABOUT_RETURN_TYPE = YES_ERROR;
				GCC_WARN_UNDECLARED_SELECTOR = YES;
				GCC_WARN_UNINITIALIZED_AUTOS = YES_AGGRESSIVE;
				GCC_WARN_UNUSED_FUNCTION = YES;
				GCC_WARN_UNUSED_VARIABLE = YES;
				IPHONEOS_DEPLOYMENT_TARGET = 14.0;
				MTL_ENABLE_DEBUG_INFO = NO;
				MTL_FAST_MATH = YES;
				SDKROOT = iphoneos;
				SWIFT_COMPILATION_MODE = wholemodule;
				SWIFT_OPTIMIZATION_LEVEL = "-O";
				VALIDATE_PRODUCT = YES;
			};
			name = Release;
		};
		17EE54DE24DEA4D3008566B1 /* Debug */ = {
			isa = XCBuildConfiguration;
			buildSettings = {
				ASSETCATALOG_COMPILER_APPICON_NAME = AppIcon;
				ASSETCATALOG_COMPILER_GLOBAL_ACCENT_COLOR_NAME = AccentColor;
				CODE_SIGN_STYLE = Automatic;
				DEVELOPMENT_ASSET_PATHS = "\"HappyDays/Preview Content\"";
				DEVELOPMENT_TEAM = P8CC95REUG;
				ENABLE_PREVIEWS = YES;
				INFOPLIST_FILE = HappyDays/Info.plist;
				IPHONEOS_DEPLOYMENT_TARGET = 14.0;
				LD_RUNPATH_SEARCH_PATHS = (
					"$(inherited)",
					"@executable_path/Frameworks",
				);
				PRODUCT_BUNDLE_IDENTIFIER = com.yourcompany.HappyDays;
				PRODUCT_NAME = "$(TARGET_NAME)";
				SWIFT_VERSION = 5.0;
				TARGETED_DEVICE_FAMILY = "1,2";
			};
			name = Debug;
		};
		17EE54DF24DEA4D3008566B1 /* Release */ = {
			isa = XCBuildConfiguration;
			buildSettings = {
				ASSETCATALOG_COMPILER_APPICON_NAME = AppIcon;
				ASSETCATALOG_COMPILER_GLOBAL_ACCENT_COLOR_NAME = AccentColor;
				CODE_SIGN_STYLE = Automatic;
				DEVELOPMENT_ASSET_PATHS = "\"HappyDays/Preview Content\"";
				DEVELOPMENT_TEAM = P8CC95REUG;
				ENABLE_PREVIEWS = YES;
				INFOPLIST_FILE = HappyDays/Info.plist;
				IPHONEOS_DEPLOYMENT_TARGET = 14.0;
				LD_RUNPATH_SEARCH_PATHS = (
					"$(inherited)",
					"@executable_path/Frameworks",
				);
				PRODUCT_BUNDLE_IDENTIFIER = com.yourcompany.HappyDays;
				PRODUCT_NAME = "$(TARGET_NAME)";
				SWIFT_VERSION = 5.0;
				TARGETED_DEVICE_FAMILY = "1,2";
			};
			name = Release;
		};
/* End XCBuildConfiguration section */

/* Begin XCConfigurationList section */
		17EE54C924DEA4D0008566B1 /* Build configuration list for PBXProject "HappyDays" */ = {
			isa = XCConfigurationList;
			buildConfigurations = (
				17EE54DB24DEA4D3008566B1 /* Debug */,
				17EE54DC24DEA4D3008566B1 /* Release */,
			);
			defaultConfigurationIsVisible = 0;
			defaultConfigurationName = Release;
		};
		17EE54DD24DEA4D3008566B1 /* Build configuration list for PBXNativeTarget "HappyDays" */ = {
			isa = XCConfigurationList;
			buildConfigurations = (
				17EE54DE24DEA4D3008566B1 /* Debug */,
				17EE54DF24DEA4D3008566B1 /* Release */,
			);
			defaultConfigurationIsVisible = 0;
			defaultConfigurationName = Release;
		};
/* End XCConfigurationList section */
	};
	rootObject = 17EE54C624DEA4D0008566B1 /* Project object */;
}
